
Microsoft Visual Studio Solution File, Format Version 12.00
# Visual Studio Version 16
VisualStudioVersion = 16.0.29123.88
MinimumVisualStudioVersion = 10.0.40219.1
Project("{9A19103F-16F7-4668-BE54-9A1E7A4F7556}") = "MessageBroker.Publisher", "MessageBroker.Publisher\MessageBroker.Publisher.csproj", "{13A83AEB-6875-4B4B-B376-94697913A9DE}"
EndProject
Global
	GlobalSection(SolutionConfigurationPlatforms) = preSolution
		Debug|Any CPU = Debug|Any CPU
		Release|Any CPU = Release|Any CPU
	EndGlobalSection
	GlobalSection(ProjectConfigurationPlatforms) = postSolution
		{13A83AEB-6875-4B4B-B376-94697913A9DE}.Debug|Any CPU.ActiveCfg = Debug|Any CPU
		{13A83AEB-6875-4B4B-B376-94697913A9DE}.Debug|Any CPU.Build.0 = Debug|Any CPU
		{13A83AEB-6875-4B4B-B376-94697913A9DE}.Release|Any CPU.ActiveCfg = Release|Any CPU
		{13A83AEB-6875-4B4B-B376-94697913A9DE}.Release|Any CPU.Build.0 = Release|Any CPU
	EndGlobalSection
	GlobalSection(SolutionProperties) = preSolution
		HideSolutionNode = FALSE
	EndGlobalSection
	GlobalSection(ExtensibilityGlobals) = postSolution
		SolutionGuid = {F2020880-CAC2-43B9-91D8-408412508932}
	EndGlobalSection
EndGlobal
